
Microsoft Visual Studio Solution File, Format Version 12.00
# Visual Studio 14
VisualStudioVersion = 14.0.24720.0
MinimumVisualStudioVersion = 10.0.40219.1
Project("{54435603-DBB4-11D2-8724-00A0C9A8B90C}") = "nvQuickSiteInstaller", "nvQuickSiteInstaller.vdproj", "{F7564BB6-EF42-4242-9FDC-79A682231293}"
EndProject
Global
	GlobalSection(SolutionConfigurationPlatforms) = preSolution
		Debug|Default = Debug|Default
		Release|Default = Release|Default
	EndGlobalSection
	GlobalSection(ProjectConfigurationPlatforms) = postSolution
		{F7564BB6-EF42-4242-9FDC-79A682231293}.Debug|Default.ActiveCfg = Debug
		{F7564BB6-EF42-4242-9FDC-79A682231293}.Debug|Default.Build.0 = Debug
		{F7564BB6-EF42-4242-9FDC-79A682231293}.Release|Default.ActiveCfg = Release
		{F7564BB6-EF42-4242-9FDC-79A682231293}.Release|Default.Build.0 = Release
	EndGlobalSection
	GlobalSection(SolutionProperties) = preSolution
		HideSolutionNode = FALSE
	EndGlobalSection
EndGlobal
